github.com/kr/binarydist v0.1.0 h1:6kAoLA9FMMnNGSehX0s1PdjbEaACznAv/W219j2uvyo=
github.com/kr/binarydist v0.1.0/go.mod h1:DY7S//GCoz1BCd0B0EVrinCKAZN3pXe+MDaIZbXQVgM=
github.com/lazybeaver/xorshift v0.0.0-20170702203709-ce511d4823dd h1:TfmftEfB1zJiDTFi3Qw1xlbEbfJPKUhEDC19clfBMb8=
github.com/lazybeaver/xorshift v0.0.0-20170702203709-ce511d4823dd/go.mod h1:qXyNSomGEqu0M7ewNl3CLgle09PFHk8++5NrBWCz7+Q=
github.com/sanbornm/go-selfupdate v0.0.0-20230714125711-e1c03e3d6ac7 h1:gm8c4AGd1rHqUsWJQHCjJlAg7yEcgzwyHhWbspPk9HI=
github.com/sanbornm/go-selfupdate v0.0.0-20230714125711-e1c03e3d6ac7/go.mod h1:aCbVFjQ5FBm4o5D/JVxc8AtWfGgDYnDXgySPJf91ozU=
